
Microsoft Visual Studio Solution File, Format Version 12.00
# Visual Studio Version 17
VisualStudioVersion = 17.14.36414.22 d17.14
MinimumVisualStudioVersion = 10.0.40219.1
Project("{FAE04EC0-301F-11D3-BF4B-00C04F79EFBC}") = "AstralBattles", "AstralBattles\AstralBattles.csproj", "{12B3B96A-9606-42B3-8D9E-D75B28C8B980}"
EndProject
Global
	GlobalSection(SolutionConfigurationPlatforms) = preSolution
		Debug|ARM = Debug|ARM
		Debug|ARM64 = Debug|ARM64
		Debug|x64 = Debug|x64
		Debug|x86 = Debug|x86
		Release|ARM = Release|ARM
		Release|ARM64 = Release|ARM64
		Release|x64 = Release|x64
		Release|x86 = Release|x86
	EndGlobalSection
	GlobalSection(ProjectConfigurationPlatforms) = postSolution
		{12B3B96A-9606-42B3-8D9E-D75B28C8B980}.Debug|ARM.ActiveCfg = Debug|ARM
		{12B3B96A-9606-42B3-8D9E-D75B28C8B980}.Debug|ARM.Build.0 = Debug|ARM
		{12B3B96A-9606-42B3-8D9E-D75B28C8B980}.Debug|ARM.Deploy.0 = Debug|ARM
		{12B3B96A-9606-42B3-8D9E-D75B28C8B980}.Debug|ARM64.ActiveCfg = Debug|ARM64
		{12B3B96A-9606-42B3-8D9E-D75B28C8B980}.Debug|ARM64.Build.0 = Debug|ARM64
		{12B3B96A-9606-42B3-8D9E-D75B28C8B980}.Debug|ARM64.Deploy.0 = Debug|ARM64
		{12B3B96A-9606-42B3-8D9E-D75B28C8B980}.Debug|x64.ActiveCfg = Debug|x64
		{12B3B96A-9606-42B3-8D9E-D75B28C8B980}.Debug|x64.Build.0 = Debug|x64
		{12B3B96A-9606-42B3-8D9E-D75B28C8B980}.Debug|x64.Deploy.0 = Debug|x64
		{12B3B96A-9606-42B3-8D9E-D75B28C8B980}.Debug|x86.ActiveCfg = Debug|x86
		{12B3B96A-9606-42B3-8D9E-D75B28C8B980}.Debug|x86.Build.0 = Debug|x86
		{12B3B96A-9606-42B3-8D9E-D75B28C8B980}.Debug|x86.Deploy.0 = Debug|x86
		{12B3B96A-9606-42B3-8D9E-D75B28C8B980}.Release|ARM.ActiveCfg = Release|ARM
		{12B3B96A-9606-42B3-8D9E-D75B28C8B980}.Release|ARM.Build.0 = Release|ARM
		{12B3B96A-9606-42B3-8D9E-D75B28C8B980}.Release|ARM.Deploy.0 = Release|ARM
		{12B3B96A-9606-42B3-8D9E-D75B28C8B980}.Release|ARM64.ActiveCfg = Release|ARM64
		{12B3B96A-9606-42B3-8D9E-D75B28C8B980}.Release|ARM64.Build.0 = Release|ARM64
		{12B3B96A-9606-42B3-8D9E-D75B28C8B980}.Release|ARM64.Deploy.0 = Release|ARM64
		{12B3B96A-9606-42B3-8D9E-D75B28C8B980}.Release|x64.ActiveCfg = Release|x64
		{12B3B96A-9606-42B3-8D9E-D75B28C8B980}.Release|x64.Build.0 = Release|x64
		{12B3B96A-9606-42B3-8D9E-D75B28C8B980}.Release|x64.Deploy.0 = Release|x64
		{12B3B96A-9606-42B3-8D9E-D75B28C8B980}.Release|x86.ActiveCfg = Release|x86
		{12B3B96A-9606-42B3-8D9E-D75B28C8B980}.Release|x86.Build.0 = Release|x86
		{12B3B96A-9606-42B3-8D9E-D75B28C8B980}.Release|x86.Deploy.0 = Release|x86
		{A1B2C3D4-E5F6-4789-9ABC-DEF123456789}.Debug|Any CPU.ActiveCfg = Debug|Any CPU
		{A1B2C3D4-E5F6-4789-9ABC-DEF123456789}.Debug|Any CPU.Build.0 = Debug|Any CPU
		{A1B2C3D4-E5F6-4789-9ABC-DEF123456789}.Debug|ARM.ActiveCfg = Debug|Any CPU
		{A1B2C3D4-E5F6-4789-9ABC-DEF123456789}.Debug|ARM64.ActiveCfg = Debug|Any CPU
		{A1B2C3D4-E5F6-4789-9ABC-DEF123456789}.Debug|x64.ActiveCfg = Debug|Any CPU
		{A1B2C3D4-E5F6-4789-9ABC-DEF123456789}.Debug|x86.ActiveCfg = Debug|Any CPU
		{A1B2C3D4-E5F6-4789-9ABC-DEF123456789}.Release|Any CPU.ActiveCfg = Release|Any CPU
		{A1B2C3D4-E5F6-4789-9ABC-DEF123456789}.Release|Any CPU.Build.0 = Release|Any CPU
		{A1B2C3D4-E5F6-4789-9ABC-DEF123456789}.Release|ARM.ActiveCfg = Release|Any CPU
		{A1B2C3D4-E5F6-4789-9ABC-DEF123456789}.Release|ARM64.ActiveCfg = Release|Any CPU
		{A1B2C3D4-E5F6-4789-9ABC-DEF123456789}.Release|x64.ActiveCfg = Release|Any CPU
		{A1B2C3D4-E5F6-4789-9ABC-DEF123456789}.Release|x86.ActiveCfg = Release|Any CPU
	EndGlobalSection
	GlobalSection(SolutionProperties) = preSolution
		HideSolutionNode = FALSE
	EndGlobalSection
	GlobalSection(ExtensibilityGlobals) = postSolution
		SolutionGuid = {E6E61BCA-83A2-484F-89D4-6AF3E88B4D16}
	EndGlobalSection
EndGlobal
